
Microsoft Visual Studio Solution File, Format Version 12.00
# Visual Studio Version 17
VisualStudioVersion = 17.0.31717.71
MinimumVisualStudioVersion = 10.0.40219.1
Project("{9A19103F-16F7-4668-BE54-9A1E7A4F7556}") = "API_GW", "ApiGW\API_GW\API_GW\API_GW.csproj", "{7DCADBB5-8C64-4CA8-A4DF-E0E0B59746D5}"
EndProject
Project("{9A19103F-16F7-4668-BE54-9A1E7A4F7556}") = "SettingsService", "SettingsService\SettingsService.csproj", "{A4C550FF-50A0-4452-AE4A-6BBB416D66A3}"
EndProject
Project("{9A19103F-16F7-4668-BE54-9A1E7A4F7556}") = "ReactCore", "ReactCore\ReactCore.csproj", "{02798F36-4F0A-438C-B227-522671ABCC3A}"
EndProject
Project("{E53339B2-1760-4266-BCC7-CA923CBCF16C}") = "docker-compose", "docker-compose.dcproj", "{6A7BE5A8-C023-4113-BCAE-955F9A5E3C0D}"
EndProject
Project("{9A19103F-16F7-4668-BE54-9A1E7A4F7556}") = "PlanService", "PlanService\PlanService\PlanService.csproj", "{8125B67D-BC12-4A33-96E6-43E02A691A75}"
EndProject
Project("{9A19103F-16F7-4668-BE54-9A1E7A4F7556}") = "PlanService_Tests", "PlanService\PlanService_Tests\PlanService_Tests.csproj", "{98566651-BC41-41C1-9F3B-702542D54C5E}"
EndProject
Project("{9A19103F-16F7-4668-BE54-9A1E7A4F7556}") = "RMQ_Test", "RMQ_Test\RMQ_Test.csproj", "{EE1C8437-6013-4FB4-B246-852CE838EE18}"
EndProject
Project("{9A19103F-16F7-4668-BE54-9A1E7A4F7556}") = "WpfUi", "WpfUi\WpfUi\WpfUi.csproj", "{0F78C636-4BCF-41B7-AD18-8E3F46C04DAE}"
EndProject
Project("{9A19103F-16F7-4668-BE54-9A1E7A4F7556}") = "SearchService", "MapServices\SearchService\SearchService.csproj", "{4A69B0BF-BFDB-4560-AA61-693BEDBF9289}"
EndProject
Project("{9A19103F-16F7-4668-BE54-9A1E7A4F7556}") = "SearchService_UnitTestProject", "MapServices\SearchService_UnitTestProject\SearchService_UnitTestProject.csproj", "{89FD61B1-0B5E-4A89-8BD1-57D09CA78587}"
EndProject
Project("{9A19103F-16F7-4668-BE54-9A1E7A4F7556}") = "ClassLibrary", "ClassLibraryAPI\CommunicationLibrary\ClassLibrary.csproj", "{9B9F5355-931E-4461-A04F-A1101EF1A3A8}"
EndProject
Project("{9A19103F-16F7-4668-BE54-9A1E7A4F7556}") = "ClassLibraryAPI", "ClassLibraryAPI\ClassLibraryAPI\ClassLibraryAPI.csproj", "{5CBA5907-500E-48F8-95DF-942540F6C059}"
EndProject
Project("{9A19103F-16F7-4668-BE54-9A1E7A4F7556}") = "MementoService", "MementoService\MementoService.csproj", "{806BB8C5-9A17-4529-8790-4C88DC2C13EB}"
EndProject
Global
	GlobalSection(SolutionConfigurationPlatforms) = preSolution
		Debug|Any CPU = Debug|Any CPU
		Debug|iPhone = Debug|iPhone
		Debug|iPhoneSimulator = Debug|iPhoneSimulator
		Debug|x64 = Debug|x64
		Debug|x86 = Debug|x86
		Release|Any CPU = Release|Any CPU
		Release|iPhone = Release|iPhone
		Release|iPhoneSimulator = Release|iPhoneSimulator
		Release|x64 = Release|x64
		Release|x86 = Release|x86
	EndGlobalSection
	GlobalSection(ProjectConfigurationPlatforms) = postSolution
		{7DCADBB5-8C64-4CA8-A4DF-E0E0B59746D5}.Debug|Any CPU.ActiveCfg = Debug|Any CPU
		{7DCADBB5-8C64-4CA8-A4DF-E0E0B59746D5}.Debug|Any CPU.Build.0 = Debug|Any CPU
		{7DCADBB5-8C64-4CA8-A4DF-E0E0B59746D5}.Debug|iPhone.ActiveCfg = Debug|Any CPU
		{7DCADBB5-8C64-4CA8-A4DF-E0E0B59746D5}.Debug|iPhone.Build.0 = Debug|Any CPU
		{7DCADBB5-8C64-4CA8-A4DF-E0E0B59746D5}.Debug|iPhoneSimulator.ActiveCfg = Debug|Any CPU
		{7DCADBB5-8C64-4CA8-A4DF-E0E0B59746D5}.Debug|iPhoneSimulator.Build.0 = Debug|Any CPU
		{7DCADBB5-8C64-4CA8-A4DF-E0E0B59746D5}.Debug|x64.ActiveCfg = Debug|Any CPU
		{7DCADBB5-8C64-4CA8-A4DF-E0E0B59746D5}.Debug|x64.Build.0 = Debug|Any CPU
		{7DCADBB5-8C64-4CA8-A4DF-E0E0B59746D5}.Debug|x86.ActiveCfg = Debug|Any CPU
		{7DCADBB5-8C64-4CA8-A4DF-E0E0B59746D5}.Debug|x86.Build.0 = Debug|Any CPU
		{7DCADBB5-8C64-4CA8-A4DF-E0E0B59746D5}.Release|Any CPU.ActiveCfg = Release|Any CPU
		{7DCADBB5-8C64-4CA8-A4DF-E0E0B59746D5}.Release|Any CPU.Build.0 = Release|Any CPU
		{7DCADBB5-8C64-4CA8-A4DF-E0E0B59746D5}.Release|iPhone.ActiveCfg = Release|Any CPU
		{7DCADBB5-8C64-4CA8-A4DF-E0E0B59746D5}.Release|iPhone.Build.0 = Release|Any CPU
		{7DCADBB5-8C64-4CA8-A4DF-E0E0B59746D5}.Release|iPhoneSimulator.ActiveCfg = Release|Any CPU
		{7DCADBB5-8C64-4CA8-A4DF-E0E0B59746D5}.Release|iPhoneSimulator.Build.0 = Release|Any CPU
		{7DCADBB5-8C64-4CA8-A4DF-E0E0B59746D5}.Release|x64.ActiveCfg = Release|Any CPU
		{7DCADBB5-8C64-4CA8-A4DF-E0E0B59746D5}.Release|x64.Build.0 = Release|Any CPU
		{7DCADBB5-8C64-4CA8-A4DF-E0E0B59746D5}.Release|x86.ActiveCfg = Release|Any CPU
		{7DCADBB5-8C64-4CA8-A4DF-E0E0B59746D5}.Release|x86.Build.0 = Release|Any CPU
		{A4C550FF-50A0-4452-AE4A-6BBB416D66A3}.Debug|Any CPU.ActiveCfg = Debug|Any CPU
		{A4C550FF-50A0-4452-AE4A-6BBB416D66A3}.Debug|Any CPU.Build.0 = Debug|Any CPU
		{A4C550FF-50A0-4452-AE4A-6BBB416D66A3}.Debug|iPhone.ActiveCfg = Debug|Any CPU
		{A4C550FF-50A0-4452-AE4A-6BBB416D66A3}.Debug|iPhone.Build.0 = Debug|Any CPU
		{A4C550FF-50A0-4452-AE4A-6BBB416D66A3}.Debug|iPhoneSimulator.ActiveCfg = Debug|Any CPU
		{A4C550FF-50A0-4452-AE4A-6BBB416D66A3}.Debug|iPhoneSimulator.Build.0 = Debug|Any CPU
		{A4C550FF-50A0-4452-AE4A-6BBB416D66A3}.Debug|x64.ActiveCfg = Debug|Any CPU
		{A4C550FF-50A0-4452-AE4A-6BBB416D66A3}.Debug|x64.Build.0 = Debug|Any CPU
		{A4C550FF-50A0-4452-AE4A-6BBB416D66A3}.Debug|x86.ActiveCfg = Debug|Any CPU
		{A4C550FF-50A0-4452-AE4A-6BBB416D66A3}.Debug|x86.Build.0 = Debug|Any CPU
		{A4C550FF-50A0-4452-AE4A-6BBB416D66A3}.Release|Any CPU.ActiveCfg = Release|Any CPU
		{A4C550FF-50A0-4452-AE4A-6BBB416D66A3}.Release|Any CPU.Build.0 = Release|Any CPU
		{A4C550FF-50A0-4452-AE4A-6BBB416D66A3}.Release|iPhone.ActiveCfg = Release|Any CPU
		{A4C550FF-50A0-4452-AE4A-6BBB416D66A3}.Release|iPhone.Build.0 = Release|Any CPU
		{A4C550FF-50A0-4452-AE4A-6BBB416D66A3}.Release|iPhoneSimulator.ActiveCfg = Release|Any CPU
		{A4C550FF-50A0-4452-AE4A-6BBB416D66A3}.Release|iPhoneSimulator.Build.0 = Release|Any CPU
		{A4C550FF-50A0-4452-AE4A-6BBB416D66A3}.Release|x64.ActiveCfg = Release|Any CPU
		{A4C550FF-50A0-4452-AE4A-6BBB416D66A3}.Release|x64.Build.0 = Release|Any CPU
		{A4C550FF-50A0-4452-AE4A-6BBB416D66A3}.Release|x86.ActiveCfg = Release|Any CPU
		{A4C550FF-50A0-4452-AE4A-6BBB416D66A3}.Release|x86.Build.0 = Release|Any CPU
		{02798F36-4F0A-438C-B227-522671ABCC3A}.Debug|Any CPU.ActiveCfg = Debug|Any CPU
		{02798F36-4F0A-438C-B227-522671ABCC3A}.Debug|Any CPU.Build.0 = Debug|Any CPU
		{02798F36-4F0A-438C-B227-522671ABCC3A}.Debug|iPhone.ActiveCfg = Debug|Any CPU
		{02798F36-4F0A-438C-B227-522671ABCC3A}.Debug|iPhone.Build.0 = Debug|Any CPU
		{02798F36-4F0A-438C-B227-522671ABCC3A}.Debug|iPhoneSimulator.ActiveCfg = Debug|Any CPU
		{02798F36-4F0A-438C-B227-522671ABCC3A}.Debug|iPhoneSimulator.Build.0 = Debug|Any CPU
		{02798F36-4F0A-438C-B227-522671ABCC3A}.Debug|x64.ActiveCfg = Debug|Any CPU
		{02798F36-4F0A-438C-B227-522671ABCC3A}.Debug|x64.Build.0 = Debug|Any CPU
		{02798F36-4F0A-438C-B227-522671ABCC3A}.Debug|x86.ActiveCfg = Debug|Any CPU
		{02798F36-4F0A-438C-B227-522671ABCC3A}.Debug|x86.Build.0 = Debug|Any CPU
		{02798F36-4F0A-438C-B227-522671ABCC3A}.Release|Any CPU.ActiveCfg = Release|Any CPU
		{02798F36-4F0A-438C-B227-522671ABCC3A}.Release|Any CPU.Build.0 = Release|Any CPU
		{02798F36-4F0A-438C-B227-522671ABCC3A}.Release|iPhone.ActiveCfg = Release|Any CPU
		{02798F36-4F0A-438C-B227-522671ABCC3A}.Release|iPhone.Build.0 = Release|Any CPU
		{02798F36-4F0A-438C-B227-522671ABCC3A}.Release|iPhoneSimulator.ActiveCfg = Release|Any CPU
		{02798F36-4F0A-438C-B227-522671ABCC3A}.Release|iPhoneSimulator.Build.0 = Release|Any CPU
		{02798F36-4F0A-438C-B227-522671ABCC3A}.Release|x64.ActiveCfg = Release|Any CPU
		{02798F36-4F0A-438C-B227-522671ABCC3A}.Release|x64.Build.0 = Release|Any CPU
		{02798F36-4F0A-438C-B227-522671ABCC3A}.Release|x86.ActiveCfg = Release|Any CPU
		{02798F36-4F0A-438C-B227-522671ABCC3A}.Release|x86.Build.0 = Release|Any CPU
		{6A7BE5A8-C023-4113-BCAE-955F9A5E3C0D}.Debug|Any CPU.ActiveCfg = Debug|Any CPU
		{6A7BE5A8-C023-4113-BCAE-955F9A5E3C0D}.Debug|Any CPU.Build.0 = Debug|Any CPU
		{6A7BE5A8-C023-4113-BCAE-955F9A5E3C0D}.Debug|iPhone.ActiveCfg = Debug|Any CPU
		{6A7BE5A8-C023-4113-BCAE-955F9A5E3C0D}.Debug|iPhone.Build.0 = Debug|Any CPU
		{6A7BE5A8-C023-4113-BCAE-955F9A5E3C0D}.Debug|iPhoneSimulator.ActiveCfg = Debug|Any CPU
		{6A7BE5A8-C023-4113-BCAE-955F9A5E3C0D}.Debug|iPhoneSimulator.Build.0 = Debug|Any CPU
		{6A7BE5A8-C023-4113-BCAE-955F9A5E3C0D}.Debug|x64.ActiveCfg = Debug|Any CPU
		{6A7BE5A8-C023-4113-BCAE-955F9A5E3C0D}.Debug|x64.Build.0 = Debug|Any CPU
		{6A7BE5A8-C023-4113-BCAE-955F9A5E3C0D}.Debug|x86.ActiveCfg = Debug|Any CPU
		{6A7BE5A8-C023-4113-BCAE-955F9A5E3C0D}.Debug|x86.Build.0 = Debug|Any CPU
		{6A7BE5A8-C023-4113-BCAE-955F9A5E3C0D}.Release|Any CPU.ActiveCfg = Release|Any CPU
		{6A7BE5A8-C023-4113-BCAE-955F9A5E3C0D}.Release|Any CPU.Build.0 = Release|Any CPU
		{6A7BE5A8-C023-4113-BCAE-955F9A5E3C0D}.Release|iPhone.ActiveCfg = Release|Any CPU
		{6A7BE5A8-C023-4113-BCAE-955F9A5E3C0D}.Release|iPhone.Build.0 = Release|Any CPU
		{6A7BE5A8-C023-4113-BCAE-955F9A5E3C0D}.Release|iPhoneSimulator.ActiveCfg = Release|Any CPU
		{6A7BE5A8-C023-4113-BCAE-955F9A5E3C0D}.Release|iPhoneSimulator.Build.0 = Release|Any CPU
		{6A7BE5A8-C023-4113-BCAE-955F9A5E3C0D}.Release|x64.ActiveCfg = Release|Any CPU
		{6A7BE5A8-C023-4113-BCAE-955F9A5E3C0D}.Release|x64.Build.0 = Release|Any CPU
		{6A7BE5A8-C023-4113-BCAE-955F9A5E3C0D}.Release|x86.ActiveCfg = Release|Any CPU
		{6A7BE5A8-C023-4113-BCAE-955F9A5E3C0D}.Release|x86.Build.0 = Release|Any CPU
		{8125B67D-BC12-4A33-96E6-43E02A691A75}.Debug|Any CPU.ActiveCfg = Debug|Any CPU
		{8125B67D-BC12-4A33-96E6-43E02A691A75}.Debug|Any CPU.Build.0 = Debug|Any CPU
		{8125B67D-BC12-4A33-96E6-43E02A691A75}.Debug|iPhone.ActiveCfg = Debug|Any CPU
		{8125B67D-BC12-4A33-96E6-43E02A691A75}.Debug|iPhone.Build.0 = Debug|Any CPU
		{8125B67D-BC12-4A33-96E6-43E02A691A75}.Debug|iPhoneSimulator.ActiveCfg = Debug|Any CPU
		{8125B67D-BC12-4A33-96E6-43E02A691A75}.Debug|iPhoneSimulator.Build.0 = Debug|Any CPU
		{8125B67D-BC12-4A33-96E6-43E02A691A75}.Debug|x64.ActiveCfg = Debug|Any CPU
		{8125B67D-BC12-4A33-96E6-43E02A691A75}.Debug|x64.Build.0 = Debug|Any CPU
		{8125B67D-BC12-4A33-96E6-43E02A691A75}.Debug|x86.ActiveCfg = Debug|Any CPU
		{8125B67D-BC12-4A33-96E6-43E02A691A75}.Debug|x86.Build.0 = Debug|Any CPU
		{8125B67D-BC12-4A33-96E6-43E02A691A75}.Release|Any CPU.ActiveCfg = Release|Any CPU
		{8125B67D-BC12-4A33-96E6-43E02A691A75}.Release|Any CPU.Build.0 = Release|Any CPU
		{8125B67D-BC12-4A33-96E6-43E02A691A75}.Release|iPhone.ActiveCfg = Release|Any CPU
		{8125B67D-BC12-4A33-96E6-43E02A691A75}.Release|iPhone.Build.0 = Release|Any CPU
		{8125B67D-BC12-4A33-96E6-43E02A691A75}.Release|iPhoneSimulator.ActiveCfg = Release|Any CPU
		{8125B67D-BC12-4A33-96E6-43E02A691A75}.Release|iPhoneSimulator.Build.0 = Release|Any CPU
		{8125B67D-BC12-4A33-96E6-43E02A691A75}.Release|x64.ActiveCfg = Release|Any CPU
		{8125B67D-BC12-4A33-96E6-43E02A691A75}.Release|x64.Build.0 = Release|Any CPU
		{8125B67D-BC12-4A33-96E6-43E02A691A75}.Release|x86.ActiveCfg = Release|Any CPU
		{8125B67D-BC12-4A33-96E6-43E02A691A75}.Release|x86.Build.0 = Release|Any CPU
		{98566651-BC41-41C1-9F3B-702542D54C5E}.Debug|Any CPU.ActiveCfg = Debug|Any CPU
		{98566651-BC41-41C1-9F3B-702542D54C5E}.Debug|Any CPU.Build.0 = Debug|Any CPU
		{98566651-BC41-41C1-9F3B-702542D54C5E}.Debug|iPhone.ActiveCfg = Debug|Any CPU
		{98566651-BC41-41C1-9F3B-702542D54C5E}.Debug|iPhone.Build.0 = Debug|Any CPU
		{98566651-BC41-41C1-9F3B-702542D54C5E}.Debug|iPhoneSimulator.ActiveCfg = Debug|Any CPU
		{98566651-BC41-41C1-9F3B-702542D54C5E}.Debug|iPhoneSimulator.Build.0 = Debug|Any CPU
		{98566651-BC41-41C1-9F3B-702542D54C5E}.Debug|x64.ActiveCfg = Debug|Any CPU
		{98566651-BC41-41C1-9F3B-702542D54C5E}.Debug|x64.Build.0 = Debug|Any CPU
		{98566651-BC41-41C1-9F3B-702542D54C5E}.Debug|x86.ActiveCfg = Debug|Any CPU
		{98566651-BC41-41C1-9F3B-702542D54C5E}.Debug|x86.Build.0 = Debug|Any CPU
		{98566651-BC41-41C1-9F3B-702542D54C5E}.Release|Any CPU.ActiveCfg = Release|Any CPU
		{98566651-BC41-41C1-9F3B-702542D54C5E}.Release|Any CPU.Build.0 = Release|Any CPU
		{98566651-BC41-41C1-9F3B-702542D54C5E}.Release|iPhone.ActiveCfg = Release|Any CPU
		{98566651-BC41-41C1-9F3B-702542D54C5E}.Release|iPhone.Build.0 = Release|Any CPU
		{98566651-BC41-41C1-9F3B-702542D54C5E}.Release|iPhoneSimulator.ActiveCfg = Release|Any CPU
		{98566651-BC41-41C1-9F3B-702542D54C5E}.Release|iPhoneSimulator.Build.0 = Release|Any CPU
		{98566651-BC41-41C1-9F3B-702542D54C5E}.Release|x64.ActiveCfg = Release|Any CPU
		{98566651-BC41-41C1-9F3B-702542D54C5E}.Release|x64.Build.0 = Release|Any CPU
		{98566651-BC41-41C1-9F3B-702542D54C5E}.Release|x86.ActiveCfg = Release|Any CPU
		{98566651-BC41-41C1-9F3B-702542D54C5E}.Release|x86.Build.0 = Release|Any CPU
		{EE1C8437-6013-4FB4-B246-852CE838EE18}.Debug|Any CPU.ActiveCfg = Debug|Any CPU
		{EE1C8437-6013-4FB4-B246-852CE838EE18}.Debug|Any CPU.Build.0 = Debug|Any CPU
		{EE1C8437-6013-4FB4-B246-852CE838EE18}.Debug|iPhone.ActiveCfg = Debug|Any CPU
		{EE1C8437-6013-4FB4-B246-852CE838EE18}.Debug|iPhone.Build.0 = Debug|Any CPU
		{EE1C8437-6013-4FB4-B246-852CE838EE18}.Debug|iPhoneSimulator.ActiveCfg = Debug|Any CPU
		{EE1C8437-6013-4FB4-B246-852CE838EE18}.Debug|iPhoneSimulator.Build.0 = Debug|Any CPU
		{EE1C8437-6013-4FB4-B246-852CE838EE18}.Debug|x64.ActiveCfg = Debug|Any CPU
		{EE1C8437-6013-4FB4-B246-852CE838EE18}.Debug|x64.Build.0 = Debug|Any CPU
		{EE1C8437-6013-4FB4-B246-852CE838EE18}.Debug|x86.ActiveCfg = Debug|Any CPU
		{EE1C8437-6013-4FB4-B246-852CE838EE18}.Debug|x86.Build.0 = Debug|Any CPU
		{EE1C8437-6013-4FB4-B246-852CE838EE18}.Release|Any CPU.ActiveCfg = Release|Any CPU
		{EE1C8437-6013-4FB4-B246-852CE838EE18}.Release|Any CPU.Build.0 = Release|Any CPU
		{EE1C8437-6013-4FB4-B246-852CE838EE18}.Release|iPhone.ActiveCfg = Release|Any CPU
		{EE1C8437-6013-4FB4-B246-852CE838EE18}.Release|iPhone.Build.0 = Release|Any CPU
		{EE1C8437-6013-4FB4-B246-852CE838EE18}.Release|iPhoneSimulator.ActiveCfg = Release|Any CPU
		{EE1C8437-6013-4FB4-B246-852CE838EE18}.Release|iPhoneSimulator.Build.0 = Release|Any CPU
		{EE1C8437-6013-4FB4-B246-852CE838EE18}.Release|x64.ActiveCfg = Release|Any CPU
		{EE1C8437-6013-4FB4-B246-852CE838EE18}.Release|x64.Build.0 = Release|Any CPU
		{EE1C8437-6013-4FB4-B246-852CE838EE18}.Release|x86.ActiveCfg = Release|Any CPU
		{EE1C8437-6013-4FB4-B246-852CE838EE18}.Release|x86.Build.0 = Release|Any CPU
		{0F78C636-4BCF-41B7-AD18-8E3F46C04DAE}.Debug|Any CPU.ActiveCfg = Debug|Any CPU
		{0F78C636-4BCF-41B7-AD18-8E3F46C04DAE}.Debug|Any CPU.Build.0 = Debug|Any CPU
		{0F78C636-4BCF-41B7-AD18-8E3F46C04DAE}.Debug|iPhone.ActiveCfg = Debug|Any CPU
		{0F78C636-4BCF-41B7-AD18-8E3F46C04DAE}.Debug|iPhone.Build.0 = Debug|Any CPU
		{0F78C636-4BCF-41B7-AD18-8E3F46C04DAE}.Debug|iPhoneSimulator.ActiveCfg = Debug|Any CPU
		{0F78C636-4BCF-41B7-AD18-8E3F46C04DAE}.Debug|iPhoneSimulator.Build.0 = Debug|Any CPU
		{0F78C636-4BCF-41B7-AD18-8E3F46C04DAE}.Debug|x64.ActiveCfg = Debug|Any CPU
		{0F78C636-4BCF-41B7-AD18-8E3F46C04DAE}.Debug|x64.Build.0 = Debug|Any CPU
		{0F78C636-4BCF-41B7-AD18-8E3F46C04DAE}.Debug|x86.ActiveCfg = Debug|Any CPU
		{0F78C636-4BCF-41B7-AD18-8E3F46C04DAE}.Debug|x86.Build.0 = Debug|Any CPU
		{0F78C636-4BCF-41B7-AD18-8E3F46C04DAE}.Release|Any CPU.ActiveCfg = Release|Any CPU
		{0F78C636-4BCF-41B7-AD18-8E3F46C04DAE}.Release|Any CPU.Build.0 = Release|Any CPU
		{0F78C636-4BCF-41B7-AD18-8E3F46C04DAE}.Release|iPhone.ActiveCfg = Release|Any CPU
		{0F78C636-4BCF-41B7-AD18-8E3F46C04DAE}.Release|iPhone.Build.0 = Release|Any CPU
		{0F78C636-4BCF-41B7-AD18-8E3F46C04DAE}.Release|iPhoneSimulator.ActiveCfg = Release|Any CPU
		{0F78C636-4BCF-41B7-AD18-8E3F46C04DAE}.Release|iPhoneSimulator.Build.0 = Release|Any CPU
		{0F78C636-4BCF-41B7-AD18-8E3F46C04DAE}.Release|x64.ActiveCfg = Release|Any CPU
		{0F78C636-4BCF-41B7-AD18-8E3F46C04DAE}.Release|x64.Build.0 = Release|Any CPU
		{0F78C636-4BCF-41B7-AD18-8E3F46C04DAE}.Release|x86.ActiveCfg = Release|Any CPU
		{0F78C636-4BCF-41B7-AD18-8E3F46C04DAE}.Release|x86.Build.0 = Release|Any CPU
		{4A69B0BF-BFDB-4560-AA61-693BEDBF9289}.Debug|Any CPU.ActiveCfg = Debug|Any CPU
		{4A69B0BF-BFDB-4560-AA61-693BEDBF9289}.Debug|Any CPU.Build.0 = Debug|Any CPU
		{4A69B0BF-BFDB-4560-AA61-693BEDBF9289}.Debug|iPhone.ActiveCfg = Debug|Any CPU
		{4A69B0BF-BFDB-4560-AA61-693BEDBF9289}.Debug|iPhone.Build.0 = Debug|Any CPU
		{4A69B0BF-BFDB-4560-AA61-693BEDBF9289}.Debug|iPhoneSimulator.ActiveCfg = Debug|Any CPU
		{4A69B0BF-BFDB-4560-AA61-693BEDBF9289}.Debug|iPhoneSimulator.Build.0 = Debug|Any CPU
		{4A69B0BF-BFDB-4560-AA61-693BEDBF9289}.Debug|x64.ActiveCfg = Debug|Any CPU
		{4A69B0BF-BFDB-4560-AA61-693BEDBF9289}.Debug|x64.Build.0 = Debug|Any CPU
		{4A69B0BF-BFDB-4560-AA61-693BEDBF9289}.Debug|x86.ActiveCfg = Debug|Any CPU
		{4A69B0BF-BFDB-4560-AA61-693BEDBF9289}.Debug|x86.Build.0 = Debug|Any CPU
		{4A69B0BF-BFDB-4560-AA61-693BEDBF9289}.Release|Any CPU.ActiveCfg = Release|Any CPU
		{4A69B0BF-BFDB-4560-AA61-693BEDBF9289}.Release|Any CPU.Build.0 = Release|Any CPU
		{4A69B0BF-BFDB-4560-AA61-693BEDBF9289}.Release|iPhone.ActiveCfg = Release|Any CPU
		{4A69B0BF-BFDB-4560-AA61-693BEDBF9289}.Release|iPhone.Build.0 = Release|Any CPU
		{4A69B0BF-BFDB-4560-AA61-693BEDBF9289}.Release|iPhoneSimulator.ActiveCfg = Release|Any CPU
		{4A69B0BF-BFDB-4560-AA61-693BEDBF9289}.Release|iPhoneSimulator.Build.0 = Release|Any CPU
		{4A69B0BF-BFDB-4560-AA61-693BEDBF9289}.Release|x64.ActiveCfg = Release|Any CPU
		{4A69B0BF-BFDB-4560-AA61-693BEDBF9289}.Release|x64.Build.0 = Release|Any CPU
		{4A69B0BF-BFDB-4560-AA61-693BEDBF9289}.Release|x86.ActiveCfg = Release|Any CPU
		{4A69B0BF-BFDB-4560-AA61-693BEDBF9289}.Release|x86.Build.0 = Release|Any CPU
		{89FD61B1-0B5E-4A89-8BD1-57D09CA78587}.Debug|Any CPU.ActiveCfg = Debug|Any CPU
		{89FD61B1-0B5E-4A89-8BD1-57D09CA78587}.Debug|Any CPU.Build.0 = Debug|Any CPU
		{89FD61B1-0B5E-4A89-8BD1-57D09CA78587}.Debug|iPhone.ActiveCfg = Debug|Any CPU
		{89FD61B1-0B5E-4A89-8BD1-57D09CA78587}.Debug|iPhone.Build.0 = Debug|Any CPU
		{89FD61B1-0B5E-4A89-8BD1-57D09CA78587}.Debug|iPhoneSimulator.ActiveCfg = Debug|Any CPU
		{89FD61B1-0B5E-4A89-8BD1-57D09CA78587}.Debug|iPhoneSimulator.Build.0 = Debug|Any CPU
		{89FD61B1-0B5E-4A89-8BD1-57D09CA78587}.Debug|x64.ActiveCfg = Debug|Any CPU
		{89FD61B1-0B5E-4A89-8BD1-57D09CA78587}.Debug|x64.Build.0 = Debug|Any CPU
		{89FD61B1-0B5E-4A89-8BD1-57D09CA78587}.Debug|x86.ActiveCfg = Debug|Any CPU
		{89FD61B1-0B5E-4A89-8BD1-57D09CA78587}.Debug|x86.Build.0 = Debug|Any CPU
		{89FD61B1-0B5E-4A89-8BD1-57D09CA78587}.Release|Any CPU.ActiveCfg = Release|Any CPU
		{89FD61B1-0B5E-4A89-8BD1-57D09CA78587}.Release|Any CPU.Build.0 = Release|Any CPU
		{89FD61B1-0B5E-4A89-8BD1-57D09CA78587}.Release|iPhone.ActiveCfg = Release|Any CPU
		{89FD61B1-0B5E-4A89-8BD1-57D09CA78587}.Release|iPhone.Build.0 = Release|Any CPU
		{89FD61B1-0B5E-4A89-8BD1-57D09CA78587}.Release|iPhoneSimulator.ActiveCfg = Release|Any CPU
		{89FD61B1-0B5E-4A89-8BD1-57D09CA78587}.Release|iPhoneSimulator.Build.0 = Release|Any CPU
		{89FD61B1-0B5E-4A89-8BD1-57D09CA78587}.Release|x64.ActiveCfg = Release|Any CPU
		{89FD61B1-0B5E-4A89-8BD1-57D09CA78587}.Release|x64.Build.0 = Release|Any CPU
		{89FD61B1-0B5E-4A89-8BD1-57D09CA78587}.Release|x86.ActiveCfg = Release|Any CPU
		{89FD61B1-0B5E-4A89-8BD1-57D09CA78587}.Release|x86.Build.0 = Release|Any CPU
		{9B9F5355-931E-4461-A04F-A1101EF1A3A8}.Debug|Any CPU.ActiveCfg = Debug|Any CPU
		{9B9F5355-931E-4461-A04F-A1101EF1A3A8}.Debug|Any CPU.Build.0 = Debug|Any CPU
		{9B9F5355-931E-4461-A04F-A1101EF1A3A8}.Debug|iPhone.ActiveCfg = Debug|Any CPU
		{9B9F5355-931E-4461-A04F-A1101EF1A3A8}.Debug|iPhone.Build.0 = Debug|Any CPU
		{9B9F5355-931E-4461-A04F-A1101EF1A3A8}.Debug|iPhoneSimulator.ActiveCfg = Debug|Any CPU
		{9B9F5355-931E-4461-A04F-A1101EF1A3A8}.Debug|iPhoneSimulator.Build.0 = Debug|Any CPU
		{9B9F5355-931E-4461-A04F-A1101EF1A3A8}.Debug|x64.ActiveCfg = Debug|Any CPU
		{9B9F5355-931E-4461-A04F-A1101EF1A3A8}.Debug|x64.Build.0 = Debug|Any CPU
		{9B9F5355-931E-4461-A04F-A1101EF1A3A8}.Debug|x86.ActiveCfg = Debug|Any CPU
		{9B9F5355-931E-4461-A04F-A1101EF1A3A8}.Debug|x86.Build.0 = Debug|Any CPU
		{9B9F5355-931E-4461-A04F-A1101EF1A3A8}.Release|Any CPU.ActiveCfg = Release|Any CPU
		{9B9F5355-931E-4461-A04F-A1101EF1A3A8}.Release|Any CPU.Build.0 = Release|Any CPU
		{9B9F5355-931E-4461-A04F-A1101EF1A3A8}.Release|iPhone.ActiveCfg = Release|Any CPU
		{9B9F5355-931E-4461-A04F-A1101EF1A3A8}.Release|iPhone.Build.0 = Release|Any CPU
		{9B9F5355-931E-4461-A04F-A1101EF1A3A8}.Release|iPhoneSimulator.ActiveCfg = Release|Any CPU
		{9B9F5355-931E-4461-A04F-A1101EF1A3A8}.Release|iPhoneSimulator.Build.0 = Release|Any CPU
		{9B9F5355-931E-4461-A04F-A1101EF1A3A8}.Release|x64.ActiveCfg = Release|Any CPU
		{9B9F5355-931E-4461-A04F-A1101EF1A3A8}.Release|x64.Build.0 = Release|Any CPU
		{9B9F5355-931E-4461-A04F-A1101EF1A3A8}.Release|x86.ActiveCfg = Release|Any CPU
		{9B9F5355-931E-4461-A04F-A1101EF1A3A8}.Release|x86.Build.0 = Release|Any CPU
		{5CBA5907-500E-48F8-95DF-942540F6C059}.Debug|Any CPU.ActiveCfg = Debug|Any CPU
		{5CBA5907-500E-48F8-95DF-942540F6C059}.Debug|Any CPU.Build.0 = Debug|Any CPU
		{5CBA5907-500E-48F8-95DF-942540F6C059}.Debug|iPhone.ActiveCfg = Debug|Any CPU
		{5CBA5907-500E-48F8-95DF-942540F6C059}.Debug|iPhone.Build.0 = Debug|Any CPU
		{5CBA5907-500E-48F8-95DF-942540F6C059}.Debug|iPhoneSimulator.ActiveCfg = Debug|Any CPU
		{5CBA5907-500E-48F8-95DF-942540F6C059}.Debug|iPhoneSimulator.Build.0 = Debug|Any CPU
		{5CBA5907-500E-48F8-95DF-942540F6C059}.Debug|x64.ActiveCfg = Debug|Any CPU
		{5CBA5907-500E-48F8-95DF-942540F6C059}.Debug|x64.Build.0 = Debug|Any CPU
		{5CBA5907-500E-48F8-95DF-942540F6C059}.Debug|x86.ActiveCfg = Debug|Any CPU
		{5CBA5907-500E-48F8-95DF-942540F6C059}.Debug|x86.Build.0 = Debug|Any CPU
		{5CBA5907-500E-48F8-95DF-942540F6C059}.Release|Any CPU.ActiveCfg = Release|Any CPU
		{5CBA5907-500E-48F8-95DF-942540F6C059}.Release|Any CPU.Build.0 = Release|Any CPU
		{5CBA5907-500E-48F8-95DF-942540F6C059}.Release|iPhone.ActiveCfg = Release|Any CPU
		{5CBA5907-500E-48F8-95DF-942540F6C059}.Release|iPhone.Build.0 = Release|Any CPU
		{5CBA5907-500E-48F8-95DF-942540F6C059}.Release|iPhoneSimulator.ActiveCfg = Release|Any CPU
		{5CBA5907-500E-48F8-95DF-942540F6C059}.Release|iPhoneSimulator.Build.0 = Release|Any CPU
		{5CBA5907-500E-48F8-95DF-942540F6C059}.Release|x64.ActiveCfg = Release|Any CPU
		{5CBA5907-500E-48F8-95DF-942540F6C059}.Release|x64.Build.0 = Release|Any CPU
		{5CBA5907-500E-48F8-95DF-942540F6C059}.Release|x86.ActiveCfg = Release|Any CPU
		{5CBA5907-500E-48F8-95DF-942540F6C059}.Release|x86.Build.0 = Release|Any CPU
		{806BB8C5-9A17-4529-8790-4C88DC2C13EB}.Debug|Any CPU.ActiveCfg = Debug|Any CPU
		{806BB8C5-9A17-4529-8790-4C88DC2C13EB}.Debug|Any CPU.Build.0 = Debug|Any CPU
		{806BB8C5-9A17-4529-8790-4C88DC2C13EB}.Debug|iPhone.ActiveCfg = Debug|Any CPU
		{806BB8C5-9A17-4529-8790-4C88DC2C13EB}.Debug|iPhone.Build.0 = Debug|Any CPU
		{806BB8C5-9A17-4529-8790-4C88DC2C13EB}.Debug|iPhoneSimulator.ActiveCfg = Debug|Any CPU
		{806BB8C5-9A17-4529-8790-4C88DC2C13EB}.Debug|iPhoneSimulator.Build.0 = Debug|Any CPU
		{806BB8C5-9A17-4529-8790-4C88DC2C13EB}.Debug|x64.ActiveCfg = Debug|Any CPU
		{806BB8C5-9A17-4529-8790-4C88DC2C13EB}.Debug|x64.Build.0 = Debug|Any CPU
		{806BB8C5-9A17-4529-8790-4C88DC2C13EB}.Debug|x86.ActiveCfg = Debug|Any CPU
		{806BB8C5-9A17-4529-8790-4C88DC2C13EB}.Debug|x86.Build.0 = Debug|Any CPU
		{806BB8C5-9A17-4529-8790-4C88DC2C13EB}.Release|Any CPU.ActiveCfg = Release|Any CPU
		{806BB8C5-9A17-4529-8790-4C88DC2C13EB}.Release|Any CPU.Build.0 = Release|Any CPU
		{806BB8C5-9A17-4529-8790-4C88DC2C13EB}.Release|iPhone.ActiveCfg = Release|Any CPU
		{806BB8C5-9A17-4529-8790-4C88DC2C13EB}.Release|iPhone.Build.0 = Release|Any CPU
		{806BB8C5-9A17-4529-8790-4C88DC2C13EB}.Release|iPhoneSimulator.ActiveCfg = Release|Any CPU
		{806BB8C5-9A17-4529-8790-4C88DC2C13EB}.Release|iPhoneSimulator.Build.0 = Release|Any CPU
		{806BB8C5-9A17-4529-8790-4C88DC2C13EB}.Release|x64.ActiveCfg = Release|Any CPU
		{806BB8C5-9A17-4529-8790-4C88DC2C13EB}.Release|x64.Build.0 = Release|Any CPU
		{806BB8C5-9A17-4529-8790-4C88DC2C13EB}.Release|x86.ActiveCfg = Release|Any CPU
		{806BB8C5-9A17-4529-8790-4C88DC2C13EB}.Release|x86.Build.0 = Release|Any CPU
	EndGlobalSection
	GlobalSection(SolutionProperties) = preSolution
		HideSolutionNode = FALSE
	EndGlobalSection
	GlobalSection(ExtensibilityGlobals) = postSolution
		SolutionGuid = {8FA92695-CCD7-4C56-AA29-87BF16274063}
	EndGlobalSection
EndGlobal
